# THIS IS AN AUTOGENERATED FILE. DO NOT EDIT THIS FILE DIRECTLY.
# yarn lockfile v1


cli-prompt@^0.6.0:
  version "0.6.0"
  resolved "https://registry.yarnpkg.com/cli-prompt/-/cli-prompt-0.6.0.tgz#366699dea9c818be6e0e834c33b02d14d8c3696f"
  integrity sha512-xDjBF+0O7z4wu9i0o7IaF3hghJ/iUbD/I3Bb2FtUbNKivoyxMcZVCHwZKSlY97sNwdyZI/1IE25SIi6s7si84A==
  dependencies:
    keypress "~0.2.1"

env@^0.0.2:
  version "0.0.2"
  resolved "https://registry.yarnpkg.com/env/-/env-0.0.2.tgz#50c19f307b129a45845b6b686df5b39dd40d1cf0"
  integrity sha512-yP8LfjO4ughSHD/3HgLPinWzexmaOGvRfs2TFx0SZhOm7j1xPi9evjuGcLiNVHIGLmcsgMak4eDbBzlYqGIVxw==

isomorphic-fetch@^3.0.0:
  version "3.0.0"
  resolved "https://registry.yarnpkg.com/isomorphic-fetch/-/isomorphic-fetch-3.0.0.tgz#0267b005049046d2421207215d45d6a262b8b8b4"
  integrity sha512-qvUtwJ3j6qwsF3jLxkZ72qCgjMysPzDfeV240JHiGZsANBYd+EEuu35v7dfrJ9Up0Ak07D7GGSkGhCHTqg/5wA==
  dependencies:
    node-fetch "^2.6.1"
    whatwg-fetch "^3.4.1"

keypress@~0.2.1:
  version "0.2.1"
  resolved "https://registry.yarnpkg.com/keypress/-/keypress-0.2.1.tgz#1e80454250018dbad4c3fe94497d6e67b6269c77"
  integrity sha512-HjorDJFNhnM4SicvaUXac0X77NiskggxJdesG72+O5zBKpSqKFCrqmndKVqpu3pFqkla0St6uGk8Ju0sCurrmg==

node-fetch@^2.6.1:
  version "2.6.7"
  resolved "https://registry.yarnpkg.com/node-fetch/-/node-fetch-2.6.7.tgz#24de9fba827e3b4ae44dc8b20256a379160052ad"
  integrity sha512-ZjMPFEfVx5j+y2yF35Kzx5sF7kDzxuDj6ziH4FFbOp87zKDZNx8yExJIb05OGF4Nlt9IHFIMBkRl41VdvcNdbQ==
  dependencies:
    whatwg-url "^5.0.0"

reflect-metadata@^0.1.13:
  version "0.1.13"
  resolved "https://registry.yarnpkg.com/reflect-metadata/-/reflect-metadata-0.1.13.tgz#67ae3ca57c972a2aa1642b10fe363fe32d49dc08"
  integrity sha512-Ts1Y/anZELhSsjMcU605fU9RE4Oi3p5ORujwbIKXfWa+0Zxs510Qrmrce5/Jowq3cHSZSJqBjypxmHarc+vEWg==

snarkyjs@^0.5.1:
  version "0.5.1"
  resolved "https://registry.yarnpkg.com/snarkyjs/-/snarkyjs-0.5.1.tgz#935a2fdf83c996b17ce50746f7e037a4a0fe7b02"
  integrity sha512-RmS7admN3gv+NdPrqTsBeH8HJGhnhGyuSK10RW+Xvg6aX5M0XQMmCJ2/YBPuA5Wu4qxwlhzkyITT1BFfAPg42Q==
  dependencies:
    env "^0.0.2"
    isomorphic-fetch "^3.0.0"
    reflect-metadata "^0.1.13"
    tslib "^2.3.0"

tr46@~0.0.3:
  version "0.0.3"
  resolved "https://registry.yarnpkg.com/tr46/-/tr46-0.0.3.tgz#8184fd347dac9cdc185992f3a6622e14b9d9ab6a"
  integrity sha512-N3WMsuqV66lT30CrXNbEjx4GEwlow3v6rr4mCcv6prnfwhS01rkgyFdjPNBYd9br7LpXV1+Emh01fHnq2Gdgrw==

tslib@^2.3.0:
  version "2.4.0"
  resolved "https://registry.yarnpkg.com/tslib/-/tslib-2.4.0.tgz#7cecaa7f073ce680a05847aa77be941098f36dc3"
  integrity sha512-d6xOpEDfsi2CZVlPQzGeux8XMwLT9hssAsaPYExaQMuYskwb+x1x7J371tWlbBdWHroy99KnVB6qIkUbs5X3UQ==

webidl-conversions@^3.0.0:
  version "3.0.1"
  resolved "https://registry.yarnpkg.com/webidl-conversions/-/webidl-conversions-3.0.1.tgz#24534275e2a7bc6be7bc86611cc16ae0a5654871"
  integrity sha512-2JAn3z8AR6rjK8Sm8orRC0h/bcl/DqL7tRPdGZ4I1CjdF+EaMLmYxBHyXuKL849eucPFhvBoxMsflfOb8kxaeQ==

whatwg-fetch@^3.4.1:
  version "3.6.2"
  resolved "https://registry.yarnpkg.com/whatwg-fetch/-/whatwg-fetch-3.6.2.tgz#dced24f37f2624ed0281725d51d0e2e3fe677f8c"
  integrity sha512-bJlen0FcuU/0EMLrdbJ7zOnW6ITZLrZMIarMUVmdKtsGvZna8vxKYaexICWPfZ8qwf9fzNq+UEIZrnSaApt6RA==

whatwg-url@^5.0.0:
  version "5.0.0"
  resolved "https://registry.yarnpkg.com/whatwg-url/-/whatwg-url-5.0.0.tgz#966454e8765462e37644d3626f6742ce8b70965d"
  integrity sha512-saE57nupxk6v3HY35+jzBwYa0rKSy0XR8JSxZPwgLr7ys0IBzhGviA1/TUGJLmSVqs8pb9AnvICXEuOHLprYTw==
  dependencies:
    tr46 "~0.0.3"
    webidl-conversions "^3.0.0"
